// !$*UTF8*$!
{
	archiveVersion = 1;
	classes = {
	};
	objectVersion = 77;
	objects = {

/* Begin PBXContainerItemProxy section */
		5BFE3E1E2CAFF2E3009FEB9F /* PBXContainerItemProxy */ = {
			isa = PBXContainerItemProxy;
			containerPortal = 5BFE3E052CAFF2E2009FEB9F /* Project object */;
			proxyType = 1;
			remoteGlobalIDString = 5BFE3E0C2CAFF2E2009FEB9F;
			remoteInfo = CustomModifiers;
		};
		5BFE3E282CAFF2E3009FEB9F /* PBXContainerItemProxy */ = {
			isa = PBXContainerItemProxy;
			containerPortal = 5BFE3E052CAFF2E2009FEB9F /* Project object */;
			proxyType = 1;
			remoteGlobalIDString = 5BFE3E0C2CAFF2E2009FEB9F;
			remoteInfo = CustomModifiers;
		};
/* End PBXContainerItemProxy section */

/* Begin PBXFileReference section */
		5BFE3E0D2CAFF2E2009FEB9F /* CustomModifiers.app */ = {isa = PBXFileReference; explicitFileType = wrapper.application; includeInIndex = 0; path = CustomModifiers.app; sourceTree = BUILT_PRODUCTS_DIR; };
		5BFE3E1D2CAFF2E3009FEB9F /* CustomModifiersTests.xctest */ = {isa = PBXFileReference; explicitFileType = wrapper.cfbundle; includeInIndex = 0; path = CustomModifiersTests.xctest; sourceTree = BUILT_PRODUCTS_DIR; };
		5BFE3E272CAFF2E3009FEB9F /* CustomModifiersUITests.xctest */ = {isa = PBXFileReference; explicitFileType = wrapper.cfbundle; includeInIndex = 0; path = CustomModifiersUITests.xctest; sourceTree = BUILT_PRODUCTS_DIR; };
/* End PBXFileReference section */

/* Begin PBXFileSystemSynchronizedRootGroup section */
		5BFE3E0F2CAFF2E2009FEB9F /* CustomModifiers */ = {
			isa = PBXFileSystemSynchronizedRootGroup;
			path = CustomModifiers;
			sourceTree = "<group>";
		};
		5BFE3E202CAFF2E3009FEB9F /* CustomModifiersTests */ = {
			isa = PBXFileSystemSynchronizedRootGroup;
			path = CustomModifiersTests;
			sourceTree = "<group>";
		};
		5BFE3E2A2CAFF2E3009FEB9F /* CustomModifiersUITests */ = {
			isa = PBXFileSystemSynchronizedRootGroup;
			path = CustomModifiersUITests;
			sourceTree = "<group>";
		};
/* End PBXFileSystemSynchronizedRootGroup section */

/* Begin PBXFrameworksBuildPhase section */
		5BFE3E0A2CAFF2E2009FEB9F /* Frameworks */ = {
			isa = PBXFrameworksBuildPhase;
			buildActionMask = 2147483647;
			files = (
			);
			runOnlyForDeploymentPostprocessing = 0;
		};
		5BFE3E1A2CAFF2E3009FEB9F /* Frameworks */ = {
			isa = PBXFrameworksBuildPhase;
			buildActionMask = 2147483647;
			files = (
			);
			runOnlyForDeploymentPostprocessing = 0;
		};
		5BFE3E242CAFF2E3009FEB9F /* Frameworks */ = {
			isa = PBXFrameworksBuildPhase;
			buildActionMask = 2147483647;
			files = (
			);
			runOnlyForDeploymentPostprocessing = 0;
		};
/* End PBXFrameworksBuildPhase section */

/* Begin PBXGroup section */
		5BFE3E042CAFF2E2009FEB9F = {
			isa = PBXGroup;
			children = (
				5BFE3E0F2CAFF2E2009FEB9F /* CustomModifiers */,
				5BFE3E202CAFF2E3009FEB9F /* CustomModifiersTests */,
				5BFE3E2A2CAFF2E3009FEB9F /* CustomModifiersUITests */,
				5BFE3E0E2CAFF2E2009FEB9F /* Products */,
			);
			sourceTree = "<group>";
		};
		5BFE3E0E2CAFF2E2009FEB9F /* Products */ = {
			isa = PBXGroup;
			children = (
				5BFE3E0D2CAFF2E2009FEB9F /* CustomModifiers.app */,
				5BFE3E1D2CAFF2E3009FEB9F /* CustomModifiersTests.xctest */,
				5BFE3E272CAFF2E3009FEB9F /* CustomModifiersUITests.xctest */,
			);
			name = Products;
			sourceTree = "<group>";
		};
/* End PBXGroup section */

/* Begin PBXNativeTarget section */
		5BFE3E0C2CAFF2E2009FEB9F /* CustomModifiers */ = {
			isa = PBXNativeTarget;
			buildConfigurationList = 5BFE3E312CAFF2E3009FEB9F /* Build configuration list for PBXNativeTarget "CustomModifiers" */;
			buildPhases = (
				5BFE3E092CAFF2E2009FEB9F /* Sources */,
				5BFE3E0A2CAFF2E2009FEB9F /* Frameworks */,
				5BFE3E0B2CAFF2E2009FEB9F /* Resources */,
			);
			buildRules = (
			);
			dependencies = (
			);
			fileSystemSynchronizedGroups = (
				5BFE3E0F2CAFF2E2009FEB9F /* CustomModifiers */,
			);
			name = CustomModifiers;
			packageProductDependencies = (
			);
			productName = CustomModifiers;
			productReference = 5BFE3E0D2CAFF2E2009FEB9F /* CustomModifiers.app */;
			productType = "com.apple.product-type.application";
		};
		5BFE3E1C2CAFF2E3009FEB9F /* CustomModifiersTests */ = {
			isa = PBXNativeTarget;
			buildConfigurationList = 5BFE3E342CAFF2E3009FEB9F /* Build configuration list for PBXNativeTarget "CustomModifiersTests" */;
			buildPhases = (
				5BFE3E192CAFF2E3009FEB9F /* Sources */,
				5BFE3E1A2CAFF2E3009FEB9F /* Frameworks */,
				5BFE3E1B2CAFF2E3009FEB9F /* Resources */,
			);
			buildRules = (
			);
			dependencies = (
				5BFE3E1F2CAFF2E3009FEB9F /* PBXTargetDependency */,
			);
			fileSystemSynchronizedGroups = (
				5BFE3E202CAFF2E3009FEB9F /* CustomModifiersTests */,
			);
			name = CustomModifiersTests;
			packageProductDependencies = (
			);
			productName = CustomModifiersTests;
			productReference = 5BFE3E1D2CAFF2E3009FEB9F /* CustomModifiersTests.xctest */;
			productType = "com.apple.product-type.bundle.unit-test";
		};
		5BFE3E262CAFF2E3009FEB9F /* CustomModifiersUITests */ = {
			isa = PBXNativeTarget;
			buildConfigurationList = 5BFE3E372CAFF2E3009FEB9F /* Build configuration list for PBXNativeTarget "CustomModifiersUITests" */;
			buildPhases = (
				5BFE3E232CAFF2E3009FEB9F /* Sources */,
				5BFE3E242CAFF2E3009FEB9F /* Frameworks */,
				5BFE3E252CAFF2E3009FEB9F /* Resources */,
			);
			buildRules = (
			);
			dependencies = (
				5BFE3E292CAFF2E3009FEB9F /* PBXTargetDependency */,
			);
			fileSystemSynchronizedGroups = (
				5BFE3E2A2CAFF2E3009FEB9F /* CustomModifiersUITests */,
			);
			name = CustomModifiersUITests;
			packageProductDependencies = (
			);
			productName = CustomModifiersUITests;
			productReference = 5BFE3E272CAFF2E3009FEB9F /* CustomModifiersUITests.xctest */;
			productType = "com.apple.product-type.bundle.ui-testing";
		};
/* End PBXNativeTarget section */

/* Begin PBXProject section */
		5BFE3E052CAFF2E2009FEB9F /* Project object */ = {
			isa = PBXProject;
			attributes = {
				BuildIndependentTargetsInParallel = 1;
				LastSwiftUpdateCheck = 1600;
				LastUpgradeCheck = 1600;
				TargetAttributes = {
					5BFE3E0C2CAFF2E2009FEB9F = {
						CreatedOnToolsVersion = 16.0;
					};
					5BFE3E1C2CAFF2E3009FEB9F = {
						CreatedOnToolsVersion = 16.0;
						TestTargetID = 5BFE3E0C2CAFF2E2009FEB9F;
					};
					5BFE3E262CAFF2E3009FEB9F = {
						CreatedOnToolsVersion = 16.0;
						TestTargetID = 5BFE3E0C2CAFF2E2009FEB9F;
					};
				};
			};
			buildConfigurationList = 5BFE3E082CAFF2E2009FEB9F /* Build configuration list for PBXProject "CustomModifiers" */;
			developmentRegion = en;
			hasScannedForEncodings = 0;
			knownRegions = (
				en,
				Base,
			);
			mainGroup = 5BFE3E042CAFF2E2009FEB9F;
			minimizedProjectReferenceProxies = 1;
			preferredProjectObjectVersion = 77;
			productRefGroup = 5BFE3E0E2CAFF2E2009FEB9F /* Products */;
			projectDirPath = "";
			projectRoot = "";
			targets = (
				5BFE3E0C2CAFF2E2009FEB9F /* CustomModifiers */,
				5BFE3E1C2CAFF2E3009FEB9F /* CustomModifiersTests */,
				5BFE3E262CAFF2E3009FEB9F /* CustomModifiersUITests */,
			);
		};
/* End PBXProject section */

/* Begin PBXResourcesBuildPhase section */
		5BFE3E0B2CAFF2E2009FEB9F /* Resources */ = {
			isa = PBXResourcesBuildPhase;
			buildActionMask = 2147483647;
			files = (
			);
			runOnlyForDeploymentPostprocessing = 0;
		};
		5BFE3E1B2CAFF2E3009FEB9F /* Resources */ = {
			isa = PBXResourcesBuildPhase;
			buildActionMask = 2147483647;
			files = (
			);
			runOnlyForDeploymentPostprocessing = 0;
		};
		5BFE3E252CAFF2E3009FEB9F /* Resources */ = {
			isa = PBXResourcesBuildPhase;
			buildActionMask = 2147483647;
			files = (
			);
			runOnlyForDeploymentPostprocessing = 0;
		};
/* End PBXResourcesBuildPhase section */

/* Begin PBXSourcesBuildPhase section */
		5BFE3E092CAFF2E2009FEB9F /* Sources */ = {
			isa = PBXSourcesBuildPhase;
			buildActionMask = 2147483647;
			files = (
			);
			runOnlyForDeploymentPostprocessing = 0;
		};
		5BFE3E192CAFF2E3009FEB9F /* Sources */ = {
			isa = PBXSourcesBuildPhase;
			buildActionMask = 2147483647;
			files = (
			);
			runOnlyForDeploymentPostprocessing = 0;
		};
		5BFE3E232CAFF2E3009FEB9F /* Sources */ = {
			isa = PBXSourcesBuildPhase;
			buildActionMask = 2147483647;
			files = (
			);
			runOnlyForDeploymentPostprocessing = 0;
		};
/* End PBXSourcesBuildPhase section */

/* Begin PBXTargetDependency section */
		5BFE3E1F2CAFF2E3009FEB9F /* PBXTargetDependency */ = {
			isa = PBXTargetDependency;
			target = 5BFE3E0C2CAFF2E2009FEB9F /* CustomModifiers */;
			targetProxy = 5BFE3E1E2CAFF2E3009FEB9F /* PBXContainerItemProxy */;
		};
		5BFE3E292CAFF2E3009FEB9F /* PBXTargetDependency */ = {
			isa = PBXTargetDependency;
			target = 5BFE3E0C2CAFF2E2009FEB9F /* CustomModifiers */;
			targetProxy = 5BFE3E282CAFF2E3009FEB9F /* PBXContainerItemProxy */;
		};
/* End PBXTargetDependency section */

/* Begin XCBuildConfiguration section */
		5BFE3E2F2CAFF2E3009FEB9F /* Debug */ = {
			isa = XCBuildConfiguration;
			buildSettings = {
				ALWAYS_SEARCH_USER_PATHS = NO;
				ASSETCATALOG_COMPILER_GENERATE_SWIFT_ASSET_SYMBOL_EXTENSIONS = YES;
				CLANG_ANALYZER_NONNULL = YES;
				CLANG_ANALYZER_NUMBER_OBJECT_CONVERSION = YES_AGGRESSIVE;
				CLANG_CXX_LANGUAGE_STANDARD = "gnu++20";
				CLANG_ENABLE_MODULES = YES;
				CLANG_ENABLE_OBJC_ARC = YES;
				CLANG_ENABLE_OBJC_WEAK = YES;
				CLANG_WARN_BLOCK_CAPTURE_AUTORELEASING = YES;
				CLANG_WARN_BOOL_CONVERSION = YES;
				CLANG_WARN_COMMA = YES;
				CLANG_WARN_CONSTANT_CONVERSION = YES;
				CLANG_WARN_DEPRECATED_OBJC_IMPLEMENTATIONS = YES;
				CLANG_WARN_DIRECT_OBJC_ISA_USAGE = YES_ERROR;
				CLANG_WARN_DOCUMENTATION_COMMENTS = YES;
				CLANG_WARN_EMPTY_BODY = YES;
				CLANG_WARN_ENUM_CONVERSION = YES;
				CLANG_WARN_INFINITE_RECURSION = YES;
				CLANG_WARN_INT_CONVERSION = YES;
				CLANG_WARN_NON_LITERAL_NULL_CONVERSION = YES;
				CLANG_WARN_OBJC_IMPLICIT_RETAIN_SELF = YES;
				CLANG_WARN_OBJC_LITERAL_CONVERSION = YES;
				CLANG_WARN_OBJC_ROOT_CLASS = YES_ERROR;
				CLANG_WARN_QUOTED_INCLUDE_IN_FRAMEWORK_HEADER = YES;
				CLANG_WARN_RANGE_LOOP_ANALYSIS = YES;
				CLANG_WARN_STRICT_PROTOTYPES = YES;
				CLANG_WARN_SUSPICIOUS_MOVE = YES;
				CLANG_WARN_UNGUARDED_AVAILABILITY = YES_AGGRESSIVE;
				CLANG_WARN_UNREACHABLE_CODE = YES;
				CLANG_WARN__DUPLICATE_METHOD_MATCH = YES;
				COPY_PHASE_STRIP = NO;
				DEBUG_INFORMATION_FORMAT = dwarf;
				ENABLE_STRICT_OBJC_MSGSEND = YES;
				ENABLE_TESTABILITY = YES;
				ENABLE_USER_SCRIPT_SANDBOXING = YES;
				GCC_C_LANGUAGE_STANDARD = gnu17;
				GCC_DYNAMIC_NO_PIC = NO;
				GCC_NO_COMMON_BLOCKS = YES;
				GCC_OPTIMIZATION_LEVEL = 0;
				GCC_PREPROCESSOR_DEFINITIONS = (
					"DEBUG=1",
					"$(inherited)",
				);
				GCC_WARN_64_TO_32_BIT_CONVERSION = YES;
				GCC_WARN_ABOUT_RETURN_TYPE = YES_ERROR;
				GCC_WARN_UNDECLARED_SELECTOR = YES;
				GCC_WARN_UNINITIALIZED_AUTOS = YES_AGGRESSIVE;
				GCC_WARN_UNUSED_FUNCTION = YES;
				GCC_WARN_UNUSED_VARIABLE = YES;
				IPHONEOS_DEPLOYMENT_TARGET = 18.0;
				LOCALIZATION_PREFERS_STRING_CATALOGS = YES;
				MTL_ENABLE_DEBUG_INFO = INCLUDE_SOURCE;
				MTL_FAST_MATH = YES;
				ONLY_ACTIVE_ARCH = YES;
				SDKROOT = iphoneos;
				SWIFT_ACTIVE_COMPILATION_CONDITIONS = "DEBUG $(inherited)";
				SWIFT_OPTIMIZATION_LEVEL = "-Onone";
			};
			name = Debug;
		};
		5BFE3E302CAFF2E3009FEB9F /* Release */ = {
			isa = XCBuildConfiguration;
			buildSettings = {
				ALWAYS_SEARCH_USER_PATHS = NO;
				ASSETCATALOG_COMPILER_GENERATE_SWIFT_ASSET_SYMBOL_EXTENSIONS = YES;
				CLANG_ANALYZER_NONNULL = YES;
				CLANG_ANALYZER_NUMBER_OBJECT_CONVERSION = YES_AGGRESSIVE;
				CLANG_CXX_LANGUAGE_STANDARD = "gnu++20";
				CLANG_ENABLE_MODULES = YES;
				CLANG_ENABLE_OBJC_ARC = YES;
				CLANG_ENABLE_OBJC_WEAK = YES;
				CLANG_WARN_BLOCK_CAPTURE_AUTORELEASING = YES;
				CLANG_WARN_BOOL_CONVERSION = YES;
				CLANG_WARN_COMMA = YES;
				CLANG_WARN_CONSTANT_CONVERSION = YES;
				CLANG_WARN_DEPRECATED_OBJC_IMPLEMENTATIONS = YES;
				CLANG_WARN_DIRECT_OBJC_ISA_USAGE = YES_ERROR;
				CLANG_WARN_DOCUMENTATION_COMMENTS = YES;
				CLANG_WARN_EMPTY_BODY = YES;
				CLANG_WARN_ENUM_CONVERSION = YES;
				CLANG_WARN_INFINITE_RECURSION = YES;
				CLANG_WARN_INT_CONVERSION = YES;
				CLANG_WARN_NON_LITERAL_NULL_CONVERSION = YES;
				CLANG_WARN_OBJC_IMPLICIT_RETAIN_SELF = YES;
				CLANG_WARN_OBJC_LITERAL_CONVERSION = YES;
				CLANG_WARN_OBJC_ROOT_CLASS = YES_ERROR;
				CLANG_WARN_QUOTED_INCLUDE_IN_FRAMEWORK_HEADER = YES;
				CLANG_WARN_RANGE_LOOP_ANALYSIS = YES;
				CLANG_WARN_STRICT_PROTOTYPES = YES;
				CLANG_WARN_SUSPICIOUS_MOVE = YES;
				CLANG_WARN_UNGUARDED_AVAILABILITY = YES_AGGRESSIVE;
				CLANG_WARN_UNREACHABLE_CODE = YES;
				CLANG_WARN__DUPLICATE_METHOD_MATCH = YES;
				COPY_PHASE_STRIP = NO;
				DEBUG_INFORMATION_FORMAT = "dwarf-with-dsym";
				ENABLE_NS_ASSERTIONS = NO;
				ENABLE_STRICT_OBJC_MSGSEND = YES;
				ENABLE_USER_SCRIPT_SANDBOXING = YES;
				GCC_C_LANGUAGE_STANDARD = gnu17;
				GCC_NO_COMMON_BLOCKS = YES;
				GCC_WARN_64_TO_32_BIT_CONVERSION = YES;
				GCC_WARN_ABOUT_RETURN_TYPE = YES_ERROR;
				GCC_WARN_UNDECLARED_SELECTOR = YES;
				GCC_WARN_UNINITIALIZED_AUTOS = YES_AGGRESSIVE;
				GCC_WARN_UNUSED_FUNCTION = YES;
				GCC_WARN_UNUSED_VARIABLE = YES;
				IPHONEOS_DEPLOYMENT_TARGET = 18.0;
				LOCALIZATION_PREFERS_STRING_CATALOGS = YES;
				MTL_ENABLE_DEBUG_INFO = NO;
				MTL_FAST_MATH = YES;
				SDKROOT = iphoneos;
				SWIFT_COMPILATION_MODE = wholemodule;
				VALIDATE_PRODUCT = YES;
			};
			name = Release;
		};
		5BFE3E322CAFF2E3009FEB9F /* Debug */ = {
			isa = XCBuildConfiguration;
			buildSettings = {
				ASSETCATALOG_COMPILER_APPICON_NAME = AppIcon;
				ASSETCATALOG_COMPILER_GLOBAL_ACCENT_COLOR_NAME = AccentColor;
				CODE_SIGN_STYLE = Automatic;
				CURRENT_PROJECT_VERSION = 1;
				DEVELOPMENT_ASSET_PATHS = "\"CustomModifiers/Preview Content\"";
				ENABLE_PREVIEWS = YES;
				GENERATE_INFOPLIST_FILE = YES;
				INFOPLIST_KEY_UIApplicationSceneManifest_Generation = YES;
				INFOPLIST_KEY_UIApplicationSupportsIndirectInputEvents = YES;
				INFOPLIST_KEY_UILaunchScreen_Generation = YES;
				INFOPLIST_KEY_UISupportedInterfaceOrientations_iPad = "UIInterfaceOrientationPortrait UIInterfaceOrientationPortraitUpsideDown UIInterfaceOrientationLandscapeLeft UIInterfaceOrientationLandscapeRight";
				INFOPLIST_KEY_UISupportedInterfaceOrientations_iPhone = "UIInterfaceOrientationPortrait UIInterfaceOrientationLandscapeLeft UIInterfaceOrientationLandscapeRight";
				LD_RUNPATH_SEARCH_PATHS = (
					"$(inherited)",
					"@executable_path/Frameworks",
				);
				MARKETING_VERSION = 1.0;
				PRODUCT_BUNDLE_IDENTIFIER = regxl.CustomModifiers;
				PRODUCT_NAME = "$(TARGET_NAME)";
				SWIFT_EMIT_LOC_STRINGS = YES;
				SWIFT_VERSION = 5.0;
				TARGETED_DEVICE_FAMILY = "1,2";
			};
			name = Debug;
		};
		5BFE3E332CAFF2E3009FEB9F /* Release */ = {
			isa = XCBuildConfiguration;
			buildSettings = {
				ASSETCATALOG_COMPILER_APPICON_NAME = AppIcon;
				ASSETCATALOG_COMPILER_GLOBAL_ACCENT_COLOR_NAME = AccentColor;
				CODE_SIGN_STYLE = Automatic;
				CURRENT_PROJECT_VERSION = 1;
				DEVELOPMENT_ASSET_PATHS = "\"CustomModifiers/Preview Content\"";
				ENABLE_PREVIEWS = YES;
				GENERATE_INFOPLIST_FILE = YES;
				INFOPLIST_KEY_UIApplicationSceneManifest_Generation = YES;
				INFOPLIST_KEY_UIApplicationSupportsIndirectInputEvents = YES;
				INFOPLIST_KEY_UILaunchScreen_Generation = YES;
				INFOPLIST_KEY_UISupportedInterfaceOrientations_iPad = "UIInterfaceOrientationPortrait UIInterfaceOrientationPortraitUpsideDown UIInterfaceOrientationLandscapeLeft UIInterfaceOrientationLandscapeRight";
				INFOPLIST_KEY_UISupportedInterfaceOrientations_iPhone = "UIInterfaceOrientationPortrait UIInterfaceOrientationLandscapeLeft UIInterfaceOrientationLandscapeRight";
				LD_RUNPATH_SEARCH_PATHS = (
					"$(inherited)",
					"@executable_path/Frameworks",
				);
				MARKETING_VERSION = 1.0;
				PRODUCT_BUNDLE_IDENTIFIER = regxl.CustomModifiers;
				PRODUCT_NAME = "$(TARGET_NAME)";
				SWIFT_EMIT_LOC_STRINGS = YES;
				SWIFT_VERSION = 5.0;
				TARGETED_DEVICE_FAMILY = "1,2";
			};
			name = Release;
		};
		5BFE3E352CAFF2E3009FEB9F /* Debug */ = {
			isa = XCBuildConfiguration;
			buildSettings = {
				BUNDLE_LOADER = "$(TEST_HOST)";
				CODE_SIGN_STYLE = Automatic;
				CURRENT_PROJECT_VERSION = 1;
				GENERATE_INFOPLIST_FILE = YES;
				IPHONEOS_DEPLOYMENT_TARGET = 18.0;
				MARKETING_VERSION = 1.0;
				PRODUCT_BUNDLE_IDENTIFIER = regxl.CustomModifiersTests;
				PRODUCT_NAME = "$(TARGET_NAME)";
				SWIFT_EMIT_LOC_STRINGS = NO;
				SWIFT_VERSION = 5.0;
				TARGETED_DEVICE_FAMILY = "1,2";
				TEST_HOST = "$(BUILT_PRODUCTS_DIR)/CustomModifiers.app/$(BUNDLE_EXECUTABLE_FOLDER_PATH)/CustomModifiers";
			};
			name = Debug;
		};
		5BFE3E362CAFF2E3009FEB9F /* Release */ = {
			isa = XCBuildConfiguration;
			buildSettings = {
				BUNDLE_LOADER = "$(TEST_HOST)";
				CODE_SIGN_STYLE = Automatic;
				CURRENT_PROJECT_VERSION = 1;
				GENERATE_INFOPLIST_FILE = YES;
				IPHONEOS_DEPLOYMENT_TARGET = 18.0;
				MARKETING_VERSION = 1.0;
				PRODUCT_BUNDLE_IDENTIFIER = regxl.CustomModifiersTests;
				PRODUCT_NAME = "$(TARGET_NAME)";
				SWIFT_EMIT_LOC_STRINGS = NO;
				SWIFT_VERSION = 5.0;
				TARGETED_DEVICE_FAMILY = "1,2";
				TEST_HOST = "$(BUILT_PRODUCTS_DIR)/CustomModifiers.app/$(BUNDLE_EXECUTABLE_FOLDER_PATH)/CustomModifiers";
			};
			name = Release;
		};
		5BFE3E382CAFF2E3009FEB9F /* Debug */ = {
			isa = XCBuildConfiguration;
			buildSettings = {
				CODE_SIGN_STYLE = Automatic;
				CURRENT_PROJECT_VERSION = 1;
				GENERATE_INFOPLIST_FILE = YES;
				MARKETING_VERSION = 1.0;
				PRODUCT_BUNDLE_IDENTIFIER = regxl.CustomModifiersUITests;
				PRODUCT_NAME = "$(TARGET_NAME)";
				SWIFT_EMIT_LOC_STRINGS = NO;
				SWIFT_VERSION = 5.0;
				TARGETED_DEVICE_FAMILY = "1,2";
				TEST_TARGET_NAME = CustomModifiers;
			};
			name = Debug;
		};
		5BFE3E392CAFF2E3009FEB9F /* Release */ = {
			isa = XCBuildConfiguration;
			buildSettings = {
				CODE_SIGN_STYLE = Automatic;
				CURRENT_PROJECT_VERSION = 1;
				GENERATE_INFOPLIST_FILE = YES;
				MARKETING_VERSION = 1.0;
				PRODUCT_BUNDLE_IDENTIFIER = regxl.CustomModifiersUITests;
				PRODUCT_NAME = "$(TARGET_NAME)";
				SWIFT_EMIT_LOC_STRINGS = NO;
				SWIFT_VERSION = 5.0;
				TARGETED_DEVICE_FAMILY = "1,2";
				TEST_TARGET_NAME = CustomModifiers;
			};
			name = Release;
		};
/* End XCBuildConfiguration section */

/* Begin XCConfigurationList section */
		5BFE3E082CAFF2E2009FEB9F /* Build configuration list for PBXProject "CustomModifiers" */ = {
			isa = XCConfigurationList;
			buildConfigurations = (
				5BFE3E2F2CAFF2E3009FEB9F /* Debug */,
				5BFE3E302CAFF2E3009FEB9F /* Release */,
			);
			defaultConfigurationIsVisible = 0;
			defaultConfigurationName = Release;
		};
		5BFE3E312CAFF2E3009FEB9F /* Build configuration list for PBXNativeTarget "CustomModifiers" */ = {
			isa = XCConfigurationList;
			buildConfigurations = (
				5BFE3E322CAFF2E3009FEB9F /* Debug */,
				5BFE3E332CAFF2E3009FEB9F /* Release */,
			);
			defaultConfigurationIsVisible = 0;
			defaultConfigurationName = Release;
		};
		5BFE3E342CAFF2E3009FEB9F /* Build configuration list for PBXNativeTarget "CustomModifiersTests" */ = {
			isa = XCConfigurationList;
			buildConfigurations = (
				5BFE3E352CAFF2E3009FEB9F /* Debug */,
				5BFE3E362CAFF2E3009FEB9F /* Release */,
			);
			defaultConfigurationIsVisible = 0;
			defaultConfigurationName = Release;
		};
		5BFE3E372CAFF2E3009FEB9F /* Build configuration list for PBXNativeTarget "CustomModifiersUITests" */ = {
			isa = XCConfigurationList;
			buildConfigurations = (
				5BFE3E382CAFF2E3009FEB9F /* Debug */,
				5BFE3E392CAFF2E3009FEB9F /* Release */,
			);
			defaultConfigurationIsVisible = 0;
			defaultConfigurationName = Release;
		};
/* End XCConfigurationList section */
	};
	rootObject = 5BFE3E052CAFF2E2009FEB9F /* Project object */;
}
